// !$*UTF8*$!
{
	archiveVersion = 1;
	classes = {
	};
	objectVersion = 46;
	objects = {

/* Begin PBXBuildFile section */
		9F243D881B8D2B070052A1D1 /* MBProgressHUD.m in Sources */ = {isa = PBXBuildFile; fileRef = 9F243D871B8D2B070052A1D1 /* MBProgressHUD.m */; };
		9F4B96211B8BEFC300249949 /* main.m in Sources */ = {isa = PBXBuildFile; fileRef = 9F4B96201B8BEFC300249949 /* main.m */; };
		9F4B96241B8BEFC300249949 /* AppDelegate.m in Sources */ = {isa = PBXBuildFile; fileRef = 9F4B96231B8BEFC300249949 /* AppDelegate.m */; };
		9F4B96271B8BEFC300249949 /* ViewController.m in Sources */ = {isa = PBXBuildFile; fileRef = 9F4B96261B8BEFC300249949 /* ViewController.m */; };
		9F4B962A1B8BEFC300249949 /* Main.storyboard in Resources */ = {isa = PBXBuildFile; fileRef = 9F4B96281B8BEFC300249949 /* Main.storyboard */; };
		9F4B962C1B8BEFC300249949 /* Images.xcassets in Resources */ = {isa = PBXBuildFile; fileRef = 9F4B962B1B8BEFC300249949 /* Images.xcassets */; };
		9F4B962F1B8BEFC300249949 /* LaunchScreen.xib in Resources */ = {isa = PBXBuildFile; fileRef = 9F4B962D1B8BEFC300249949 /* LaunchScreen.xib */; };
		9F4B963B1B8BEFC300249949 /* AcronymFinderTests.m in Sources */ = {isa = PBXBuildFile; fileRef = 9F4B963A1B8BEFC300249949 /* AcronymFinderTests.m */; };
		9F4B965C1B8C03EC00249949 /* AFHTTPRequestOperation.m in Sources */ = {isa = PBXBuildFile; fileRef = 9F4B964A1B8C03EC00249949 /* AFHTTPRequestOperation.m */; };
		9F4B965D1B8C03EC00249949 /* AFHTTPRequestOperationManager.m in Sources */ = {isa = PBXBuildFile; fileRef = 9F4B964C1B8C03EC00249949 /* AFHTTPRequestOperationManager.m */; };
		9F4B965E1B8C03EC00249949 /* AFHTTPSessionManager.m in Sources */ = {isa = PBXBuildFile; fileRef = 9F4B964E1B8C03EC00249949 /* AFHTTPSessionManager.m */; };
		9F4B965F1B8C03EC00249949 /* AFNetworkReachabilityManager.m in Sources */ = {isa = PBXBuildFile; fileRef = 9F4B96511B8C03EC00249949 /* AFNetworkReachabilityManager.m */; };
		9F4B96601B8C03EC00249949 /* AFSecurityPolicy.m in Sources */ = {isa = PBXBuildFile; fileRef = 9F4B96531B8C03EC00249949 /* AFSecurityPolicy.m */; };
		9F4B96611B8C03EC00249949 /* AFURLConnectionOperation.m in Sources */ = {isa = PBXBuildFile; fileRef = 9F4B96551B8C03EC00249949 /* AFURLConnectionOperation.m */; };
		9F4B96621B8C03EC00249949 /* AFURLRequestSerialization.m in Sources */ = {isa = PBXBuildFile; fileRef = 9F4B96571B8C03EC00249949 /* AFURLRequestSerialization.m */; };
		9F4B96631B8C03EC00249949 /* AFURLResponseSerialization.m in Sources */ = {isa = PBXBuildFile; fileRef = 9F4B96591B8C03EC00249949 /* AFURLResponseSerialization.m */; };
		9F4B96641B8C03EC00249949 /* AFURLSessionManager.m in Sources */ = {isa = PBXBuildFile; fileRef = 9F4B965B1B8C03EC00249949 /* AFURLSessionManager.m */; };
		9F4B96671B8C043E00249949 /* Acronym.m in Sources */ = {isa = PBXBuildFile; fileRef = 9F4B96661B8C043E00249949 /* Acronym.m */; };
		9F4B96701B8C094E00249949 /* Security.framework in Frameworks */ = {isa = PBXBuildFile; fileRef = 9F4B966F1B8C094E00249949 /* Security.framework */; };
		9F4B96721B8C095700249949 /* CoreGraphics.framework in Frameworks */ = {isa = PBXBuildFile; fileRef = 9F4B96711B8C095700249949 /* CoreGraphics.framework */; };
		9F4B96791B8C0F8A00249949 /* UIKit.framework in Frameworks */ = {isa = PBXBuildFile; fileRef = 9F4B96781B8C0F8A00249949 /* UIKit.framework */; };
		9F4B967D1B8C0FC600249949 /* Foundation.framework in Frameworks */ = {isa = PBXBuildFile; fileRef = 9F4B967C1B8C0FC600249949 /* Foundation.framework */; };
		9F56AD751B8D155300991A65 /* DefinitionListViewController.m in Sources */ = {isa = PBXBuildFile; fileRef = 9F56AD741B8D155300991A65 /* DefinitionListViewController.m */; };
/* End PBXBuildFile section */

/* Begin PBXContainerItemProxy section */
		9F4B96351B8BEFC300249949 /* PBXContainerItemProxy */ = {
			isa = PBXContainerItemProxy;
			containerPortal = 9F4B96131B8BEFC300249949 /* Project object */;
			proxyType = 1;
			remoteGlobalIDString = 9F4B961A1B8BEFC300249949;
			remoteInfo = AcronymFinder;
		};
/* End PBXContainerItemProxy section */

/* Begin PBXFileReference section */
		9F243D861B8D2B070052A1D1 /* MBProgressHUD.h */ = {isa = PBXFileReference; fileEncoding = 4; lastKnownFileType = sourcecode.c.h; path = MBProgressHUD.h; sourceTree = "<group>"; };
		9F243D871B8D2B070052A1D1 /* MBProgressHUD.m */ = {isa = PBXFileReference; fileEncoding = 4; lastKnownFileType = sourcecode.c.objc; path = MBProgressHUD.m; sourceTree = "<group>"; };
		9F4B961B1B8BEFC300249949 /* AcronymFinder.app */ = {isa = PBXFileReference; explicitFileType = wrapper.application; includeInIndex = 0; path = AcronymFinder.app; sourceTree = BUILT_PRODUCTS_DIR; };
		9F4B961F1B8BEFC300249949 /* Info.plist */ = {isa = PBXFileReference; lastKnownFileType = text.plist.xml; path = Info.plist; sourceTree = "<group>"; };
		9F4B96201B8BEFC300249949 /* main.m */ = {isa = PBXFileReference; lastKnownFileType = sourcecode.c.objc; path = main.m; sourceTree = "<group>"; };
		9F4B96221B8BEFC300249949 /* AppDelegate.h */ = {isa = PBXFileReference; lastKnownFileType = sourcecode.c.h; path = AppDelegate.h; sourceTree = "<group>"; };
		9F4B96231B8BEFC300249949 /* AppDelegate.m */ = {isa = PBXFileReference; lastKnownFileType = sourcecode.c.objc; path = AppDelegate.m; sourceTree = "<group>"; };
		9F4B96251B8BEFC300249949 /* ViewController.h */ = {isa = PBXFileReference; lastKnownFileType = sourcecode.c.h; path = ViewController.h; sourceTree = "<group>"; };
		9F4B96261B8BEFC300249949 /* ViewController.m */ = {isa = PBXFileReference; lastKnownFileType = sourcecode.c.objc; path = ViewController.m; sourceTree = "<group>"; };
		9F4B96291B8BEFC300249949 /* Base */ = {isa = PBXFileReference; lastKnownFileType = file.storyboard; name = Base; path = Base.lproj/Main.storyboard; sourceTree = "<group>"; };
		9F4B962B1B8BEFC300249949 /* Images.xcassets */ = {isa = PBXFileReference; lastKnownFileType = folder.assetcatalog; path = Images.xcassets; sourceTree = "<group>"; };
		9F4B962E1B8BEFC300249949 /* Base */ = {isa = PBXFileReference; lastKnownFileType = file.xib; name = Base; path = Base.lproj/LaunchScreen.xib; sourceTree = "<group>"; };
		9F4B96341B8BEFC300249949 /* AcronymFinderTests.xctest */ = {isa = PBXFileReference; explicitFileType = wrapper.cfbundle; includeInIndex = 0; path = AcronymFinderTests.xctest; sourceTree = BUILT_PRODUCTS_DIR; };
		9F4B96391B8BEFC300249949 /* Info.plist */ = {isa = PBXFileReference; lastKnownFileType = text.plist.xml; path = Info.plist; sourceTree = "<group>"; };
		9F4B963A1B8BEFC300249949 /* AcronymFinderTests.m */ = {isa = PBXFileReference; lastKnownFileType = sourcecode.c.objc; path = AcronymFinderTests.m; sourceTree = "<group>"; };
		9F4B96491B8C03EC00249949 /* AFHTTPRequestOperation.h */ = {isa = PBXFileReference; fileEncoding = 4; lastKnownFileType = sourcecode.c.h; path = AFHTTPRequestOperation.h; sourceTree = "<group>"; };
		9F4B964A1B8C03EC00249949 /* AFHTTPRequestOperation.m */ = {isa = PBXFileReference; fileEncoding = 4; lastKnownFileType = sourcecode.c.objc; path = AFHTTPRequestOperation.m; sourceTree = "<group>"; };
		9F4B964B1B8C03EC00249949 /* AFHTTPRequestOperationManager.h */ = {isa = PBXFileReference; fileEncoding = 4; lastKnownFileType = sourcecode.c.h; path = AFHTTPRequestOperationManager.h; sourceTree = "<group>"; };
		9F4B964C1B8C03EC00249949 /* AFHTTPRequestOperationManager.m */ = {isa = PBXFileReference; fileEncoding = 4; lastKnownFileType = sourcecode.c.objc; path = AFHTTPRequestOperationManager.m; sourceTree = "<group>"; };
		9F4B964D1B8C03EC00249949 /* AFHTTPSessionManager.h */ = {isa = PBXFileReference; fileEncoding = 4; lastKnownFileType = sourcecode.c.h; path = AFHTTPSessionManager.h; sourceTree = "<group>"; };
		9F4B964E1B8C03EC00249949 /* AFHTTPSessionManager.m */ = {isa = PBXFileReference; fileEncoding = 4; lastKnownFileType = sourcecode.c.objc; path = AFHTTPSessionManager.m; sourceTree = "<group>"; };
		9F4B964F1B8C03EC00249949 /* AFNetworking.h */ = {isa = PBXFileReference; fileEncoding = 4; lastKnownFileType = sourcecode.c.h; path = AFNetworking.h; sourceTree = "<group>"; };
		9F4B96501B8C03EC00249949 /* AFNetworkReachabilityManager.h */ = {isa = PBXFileReference; fileEncoding = 4; lastKnownFileType = sourcecode.c.h; path = AFNetworkReachabilityManager.h; sourceTree = "<group>"; };
		9F4B96511B8C03EC00249949 /* AFNetworkReachabilityManager.m */ = {isa = PBXFileReference; fileEncoding = 4; lastKnownFileType = sourcecode.c.objc; path = AFNetworkReachabilityManager.m; sourceTree = "<group>"; };
		9F4B96521B8C03EC00249949 /* AFSecurityPolicy.h */ = {isa = PBXFileReference; fileEncoding = 4; lastKnownFileType = sourcecode.c.h; path = AFSecurityPolicy.h; sourceTree = "<group>"; };
		9F4B96531B8C03EC00249949 /* AFSecurityPolicy.m */ = {isa = PBXFileReference; fileEncoding = 4; lastKnownFileType = sourcecode.c.objc; path = AFSecurityPolicy.m; sourceTree = "<group>"; };
		9F4B96541B8C03EC00249949 /* AFURLConnectionOperation.h */ = {isa = PBXFileReference; fileEncoding = 4; lastKnownFileType = sourcecode.c.h; path = AFURLConnectionOperation.h; sourceTree = "<group>"; };
		9F4B96551B8C03EC00249949 /* AFURLConnectionOperation.m */ = {isa = PBXFileReference; fileEncoding = 4; lastKnownFileType = sourcecode.c.objc; path = AFURLConnectionOperation.m; sourceTree = "<group>"; };
		9F4B96561B8C03EC00249949 /* AFURLRequestSerialization.h */ = {isa = PBXFileReference; fileEncoding = 4; lastKnownFileType = sourcecode.c.h; path = AFURLRequestSerialization.h; sourceTree = "<group>"; };
		9F4B96571B8C03EC00249949 /* AFURLRequestSerialization.m */ = {isa = PBXFileReference; fileEncoding = 4; lastKnownFileType = sourcecode.c.objc; path = AFURLRequestSerialization.m; sourceTree = "<group>"; };
		9F4B96581B8C03EC00249949 /* AFURLResponseSerialization.h */ = {isa = PBXFileReference; fileEncoding = 4; lastKnownFileType = sourcecode.c.h; path = AFURLResponseSerialization.h; sourceTree = "<group>"; };
		9F4B96591B8C03EC00249949 /* AFURLResponseSerialization.m */ = {isa = PBXFileReference; fileEncoding = 4; lastKnownFileType = sourcecode.c.objc; path = AFURLResponseSerialization.m; sourceTree = "<group>"; };
		9F4B965A1B8C03EC00249949 /* AFURLSessionManager.h */ = {isa = PBXFileReference; fileEncoding = 4; lastKnownFileType = sourcecode.c.h; path = AFURLSessionManager.h; sourceTree = "<group>"; };
		9F4B965B1B8C03EC00249949 /* AFURLSessionManager.m */ = {isa = PBXFileReference; fileEncoding = 4; lastKnownFileType = sourcecode.c.objc; path = AFURLSessionManager.m; sourceTree = "<group>"; };
		9F4B96651B8C043E00249949 /* Acronym.h */ = {isa = PBXFileReference; fileEncoding = 4; lastKnownFileType = sourcecode.c.h; path = Acronym.h; sourceTree = "<group>"; };
		9F4B96661B8C043E00249949 /* Acronym.m */ = {isa = PBXFileReference; fileEncoding = 4; lastKnownFileType = sourcecode.c.objc; path = Acronym.m; sourceTree = "<group>"; };
		9F4B966F1B8C094E00249949 /* Security.framework */ = {isa = PBXFileReference; lastKnownFileType = wrapper.framework; name = Security.framework; path = System/Library/Frameworks/Security.framework; sourceTree = SDKROOT; };
		9F4B96711B8C095700249949 /* CoreGraphics.framework */ = {isa = PBXFileReference; lastKnownFileType = wrapper.framework; name = CoreGraphics.framework; path = System/Library/Frameworks/CoreGraphics.framework; sourceTree = SDKROOT; };
		9F4B96781B8C0F8A00249949 /* UIKit.framework */ = {isa = PBXFileReference; lastKnownFileType = wrapper.framework; name = UIKit.framework; path = System/Library/Frameworks/UIKit.framework; sourceTree = SDKROOT; };
		9F4B967C1B8C0FC600249949 /* Foundation.framework */ = {isa = PBXFileReference; lastKnownFileType = wrapper.framework; name = Foundation.framework; path = System/Library/Frameworks/Foundation.framework; sourceTree = SDKROOT; };
		9F56AD731B8D155300991A65 /* DefinitionListViewController.h */ = {isa = PBXFileReference; fileEncoding = 4; lastKnownFileType = sourcecode.c.h; path = DefinitionListViewController.h; sourceTree = "<group>"; };
		9F56AD741B8D155300991A65 /* DefinitionListViewController.m */ = {isa = PBXFileReference; fileEncoding = 4; lastKnownFileType = sourcecode.c.objc; path = DefinitionListViewController.m; sourceTree = "<group>"; };
/* End PBXFileReference section */

/* Begin PBXFrameworksBuildPhase section */
		9F4B96181B8BEFC300249949 /* Frameworks */ = {
			isa = PBXFrameworksBuildPhase;
			buildActionMask = 2147483647;
			files = (
				9F4B967D1B8C0FC600249949 /* Foundation.framework in Frameworks */,
				9F4B96791B8C0F8A00249949 /* UIKit.framework in Frameworks */,
				9F4B96721B8C095700249949 /* CoreGraphics.framework in Frameworks */,
				9F4B96701B8C094E00249949 /* Security.framework in Frameworks */,
			);
			runOnlyForDeploymentPostprocessing = 0;
		};
		9F4B96311B8BEFC300249949 /* Frameworks */ = {
			isa = PBXFrameworksBuildPhase;
			buildActionMask = 2147483647;
			files = (
			);
			runOnlyForDeploymentPostprocessing = 0;
		};
/* End PBXFrameworksBuildPhase section */

/* Begin PBXGroup section */
		9F243D851B8D2A7F0052A1D1 /* UI Elements */ = {
			isa = PBXGroup;
			children = (
				9F243D891B8D2B0A0052A1D1 /* MBProgreeHUD */,
			);
			name = "UI Elements";
			sourceTree = "<group>";
		};
		9F243D891B8D2B0A0052A1D1 /* MBProgreeHUD */ = {
			isa = PBXGroup;
			children = (
				9F243D861B8D2B070052A1D1 /* MBProgressHUD.h */,
				9F243D871B8D2B070052A1D1 /* MBProgressHUD.m */,
			);
			name = MBProgreeHUD;
			sourceTree = "<group>";
		};
		9F4B96121B8BEFC300249949 = {
			isa = PBXGroup;
			children = (
				9F4B961D1B8BEFC300249949 /* AcronymFinder */,
				9F4B96471B8C03DF00249949 /* Library */,
				9F4B96371B8BEFC300249949 /* AcronymFinderTests */,
				9F4B961C1B8BEFC300249949 /* Products */,
				9F4B96681B8C06FF00249949 /* Frameworks */,
			);
			sourceTree = "<group>";
		};
		9F4B961C1B8BEFC300249949 /* Products */ = {
			isa = PBXGroup;
			children = (
				9F4B961B1B8BEFC300249949 /* AcronymFinder.app */,
				9F4B96341B8BEFC300249949 /* AcronymFinderTests.xctest */,
			);
			name = Products;
			sourceTree = "<group>";
		};
		9F4B961D1B8BEFC300249949 /* AcronymFinder */ = {
			isa = PBXGroup;
			children = (
				9F4B96221B8BEFC300249949 /* AppDelegate.h */,
				9F4B96231B8BEFC300249949 /* AppDelegate.m */,
				9F4B96441B8BF4EF00249949 /* Model */,
				9F4B96451B8BF52D00249949 /* View */,
				9F4B96461B8BF53500249949 /* Controller */,
				9F4B961E1B8BEFC300249949 /* Supporting Files */,
			);
			path = AcronymFinder;
			sourceTree = "<group>";
		};
		9F4B961E1B8BEFC300249949 /* Supporting Files */ = {
			isa = PBXGroup;
			children = (
				9F243D851B8D2A7F0052A1D1 /* UI Elements */,
				9F4B962B1B8BEFC300249949 /* Images.xcassets */,
				9F4B962D1B8BEFC300249949 /* LaunchScreen.xib */,
				9F4B961F1B8BEFC300249949 /* Info.plist */,
				9F4B96201B8BEFC300249949 /* main.m */,
			);
			name = "Supporting Files";
			sourceTree = "<group>";
		};
		9F4B96371B8BEFC300249949 /* AcronymFinderTests */ = {
			isa = PBXGroup;
			children = (
				9F4B963A1B8BEFC300249949 /* AcronymFinderTests.m */,
				9F4B96381B8BEFC300249949 /* Supporting Files */,
			);
			path = AcronymFinderTests;
			sourceTree = "<group>";
		};
		9F4B96381B8BEFC300249949 /* Supporting Files */ = {
			isa = PBXGroup;
			children = (
				9F4B96391B8BEFC300249949 /* Info.plist */,
			);
			name = "Supporting Files";
			sourceTree = "<group>";
		};
		9F4B96441B8BF4EF00249949 /* Model */ = {
			isa = PBXGroup;
			children = (
				9F4B96651B8C043E00249949 /* Acronym.h */,
				9F4B96661B8C043E00249949 /* Acronym.m */,
			);
			name = Model;
			sourceTree = "<group>";
		};
		9F4B96451B8BF52D00249949 /* View */ = {
			isa = PBXGroup;
			children = (
				9F4B96281B8BEFC300249949 /* Main.storyboard */,
			);
			name = View;
			sourceTree = "<group>";
		};
		9F4B96461B8BF53500249949 /* Controller */ = {
			isa = PBXGroup;
			children = (
				9F4B96251B8BEFC300249949 /* ViewController.h */,
				9F4B96261B8BEFC300249949 /* ViewController.m */,
				9F56AD731B8D155300991A65 /* DefinitionListViewController.h */,
				9F56AD741B8D155300991A65 /* DefinitionListViewController.m */,
			);
			name = Controller;
			sourceTree = "<group>";
		};
		9F4B96471B8C03DF00249949 /* Library */ = {
			isa = PBXGroup;
			children = (
				9F4B96481B8C03EC00249949 /* AFNetworking */,
			);
			name = Library;
			path = AcronymFinder;
			sourceTree = "<group>";
		};
		9F4B96481B8C03EC00249949 /* AFNetworking */ = {
			isa = PBXGroup;
			children = (
				9F4B96491B8C03EC00249949 /* AFHTTPRequestOperation.h */,
				9F4B964A1B8C03EC00249949 /* AFHTTPRequestOperation.m */,
				9F4B964B1B8C03EC00249949 /* AFHTTPRequestOperationManager.h */,
				9F4B964C1B8C03EC00249949 /* AFHTTPRequestOperationManager.m */,
				9F4B964D1B8C03EC00249949 /* AFHTTPSessionManager.h */,
				9F4B964E1B8C03EC00249949 /* AFHTTPSessionManager.m */,
				9F4B964F1B8C03EC00249949 /* AFNetworking.h */,
				9F4B96501B8C03EC00249949 /* AFNetworkReachabilityManager.h */,
				9F4B96511B8C03EC00249949 /* AFNetworkReachabilityManager.m */,
				9F4B96521B8C03EC00249949 /* AFSecurityPolicy.h */,
				9F4B96531B8C03EC00249949 /* AFSecurityPolicy.m */,
				9F4B96541B8C03EC00249949 /* AFURLConnectionOperation.h */,
				9F4B96551B8C03EC00249949 /* AFURLConnectionOperation.m */,
				9F4B96561B8C03EC00249949 /* AFURLRequestSerialization.h */,
				9F4B96571B8C03EC00249949 /* AFURLRequestSerialization.m */,
				9F4B96581B8C03EC00249949 /* AFURLResponseSerialization.h */,
				9F4B96591B8C03EC00249949 /* AFURLResponseSerialization.m */,
				9F4B965A1B8C03EC00249949 /* AFURLSessionManager.h */,
				9F4B965B1B8C03EC00249949 /* AFURLSessionManager.m */,
			);
			path = AFNetworking;
			sourceTree = "<group>";
		};
		9F4B96681B8C06FF00249949 /* Frameworks */ = {
			isa = PBXGroup;
			children = (
				9F4B967C1B8C0FC600249949 /* Foundation.framework */,
				9F4B96781B8C0F8A00249949 /* UIKit.framework */,
				9F4B96711B8C095700249949 /* CoreGraphics.framework */,
				9F4B966F1B8C094E00249949 /* Security.framework */,
			);
			name = Frameworks;
			path = AcronymFinder;
			sourceTree = "<group>";
		};
/* End PBXGroup section */

/* Begin PBXNativeTarget section */
		9F4B961A1B8BEFC300249949 /* AcronymFinder */ = {
			isa = PBXNativeTarget;
			buildConfigurationList = 9F4B963E1B8BEFC300249949 /* Build configuration list for PBXNativeTarget "AcronymFinder" */;
			buildPhases = (
				9F4B96171B8BEFC300249949 /* Sources */,
				9F4B96181B8BEFC300249949 /* Frameworks */,
				9F4B96191B8BEFC300249949 /* Resources */,
			);
			buildRules = (
			);
			dependencies = (
			);
			name = AcronymFinder;
			productName = AcronymFinder;
			productReference = 9F4B961B1B8BEFC300249949 /* AcronymFinder.app */;
			productType = "com.apple.product-type.application";
		};
		9F4B96331B8BEFC300249949 /* AcronymFinderTests */ = {
			isa = PBXNativeTarget;
			buildConfigurationList = 9F4B96411B8BEFC300249949 /* Build configuration list for PBXNativeTarget "AcronymFinderTests" */;
			buildPhases = (
				9F4B96301B8BEFC300249949 /* Sources */,
				9F4B96311B8BEFC300249949 /* Frameworks */,
				9F4B96321B8BEFC300249949 /* Resources */,
			);
			buildRules = (
			);
			dependencies = (
				9F4B96361B8BEFC300249949 /* PBXTargetDependency */,
			);
			name = AcronymFinderTests;
			productName = AcronymFinderTests;
			productReference = 9F4B96341B8BEFC300249949 /* AcronymFinderTests.xctest */;
			productType = "com.apple.product-type.bundle.unit-test";
		};
/* End PBXNativeTarget section */

/* Begin PBXProject section */
		9F4B96131B8BEFC300249949 /* Project object */ = {
			isa = PBXProject;
			attributes = {
				LastUpgradeCheck = 0640;
				TargetAttributes = {
					9F4B961A1B8BEFC300249949 = {
						CreatedOnToolsVersion = 6.4;
						DevelopmentTeam = 3PGYTVXG79;
					};
					9F4B96331B8BEFC300249949 = {
						CreatedOnToolsVersion = 6.4;
						TestTargetID = 9F4B961A1B8BEFC300249949;
					};
				};
			};
			buildConfigurationList = 9F4B96161B8BEFC300249949 /* Build configuration list for PBXProject "AcronymFinder" */;
			compatibilityVersion = "Xcode 3.2";
			developmentRegion = English;
			hasScannedForEncodings = 0;
			knownRegions = (
				en,
				Base,
			);
			mainGroup = 9F4B96121B8BEFC300249949;
			productRefGroup = 9F4B961C1B8BEFC300249949 /* Products */;
			projectDirPath = "";
			projectRoot = "";
			targets = (
				9F4B961A1B8BEFC300249949 /* AcronymFinder */,
				9F4B96331B8BEFC300249949 /* AcronymFinderTests */,
			);
		};
/* End PBXProject section */

/* Begin PBXResourcesBuildPhase section */
		9F4B96191B8BEFC300249949 /* Resources */ = {
			isa = PBXResourcesBuildPhase;
			buildActionMask = 2147483647;
			files = (
				9F4B962A1B8BEFC300249949 /* Main.storyboard in Resources */,
				9F4B962F1B8BEFC300249949 /* LaunchScreen.xib in Resources */,
				9F4B962C1B8BEFC300249949 /* Images.xcassets in Resources */,
			);
			runOnlyForDeploymentPostprocessing = 0;
		};
		9F4B96321B8BEFC300249949 /* Resources */ = {
			isa = PBXResourcesBuildPhase;
			buildActionMask = 2147483647;
			files = (
			);
			runOnlyForDeploymentPostprocessing = 0;
		};
/* End PBXResourcesBuildPhase section */

/* Begin PBXSourcesBuildPhase section */
		9F4B96171B8BEFC300249949 /* Sources */ = {
			isa = PBXSourcesBuildPhase;
			buildActionMask = 2147483647;
			files = (
				9F4B965C1B8C03EC00249949 /* AFHTTPRequestOperation.m in Sources */,
				9F4B96271B8BEFC300249949 /* ViewController.m in Sources */,
				9F4B965D1B8C03EC00249949 /* AFHTTPRequestOperationManager.m in Sources */,
				9F4B96671B8C043E00249949 /* Acronym.m in Sources */,
				9F4B965F1B8C03EC00249949 /* AFNetworkReachabilityManager.m in Sources */,
				9F4B96631B8C03EC00249949 /* AFURLResponseSerialization.m in Sources */,
				9F4B96611B8C03EC00249949 /* AFURLConnectionOperation.m in Sources */,
				9F243D881B8D2B070052A1D1 /* MBProgressHUD.m in Sources */,
				9F4B96601B8C03EC00249949 /* AFSecurityPolicy.m in Sources */,
				9F4B965E1B8C03EC00249949 /* AFHTTPSessionManager.m in Sources */,
				9F56AD751B8D155300991A65 /* DefinitionListViewController.m in Sources */,
				9F4B96621B8C03EC00249949 /* AFURLRequestSerialization.m in Sources */,
				9F4B96641B8C03EC00249949 /* AFURLSessionManager.m in Sources */,
				9F4B96241B8BEFC300249949 /* AppDelegate.m in Sources */,
				9F4B96211B8BEFC300249949 /* main.m in Sources */,
			);
			runOnlyForDeploymentPostprocessing = 0;
		};
		9F4B96301B8BEFC300249949 /* Sources */ = {
			isa = PBXSourcesBuildPhase;
			buildActionMask = 2147483647;
			files = (
				9F4B963B1B8BEFC300249949 /* AcronymFinderTests.m in Sources */,
			);
			runOnlyForDeploymentPostprocessing = 0;
		};
/* End PBXSourcesBuildPhase section */

/* Begin PBXTargetDependency section */
		9F4B96361B8BEFC300249949 /* PBXTargetDependency */ = {
			isa = PBXTargetDependency;
			target = 9F4B961A1B8BEFC300249949 /* AcronymFinder */;
			targetProxy = 9F4B96351B8BEFC300249949 /* PBXContainerItemProxy */;
		};
/* End PBXTargetDependency section */

/* Begin PBXVariantGroup section */
		9F4B96281B8BEFC300249949 /* Main.storyboard */ = {
			isa = PBXVariantGroup;
			children = (
				9F4B96291B8BEFC300249949 /* Base */,
			);
			name = Main.storyboard;
			sourceTree = "<group>";
		};
		9F4B962D1B8BEFC300249949 /* LaunchScreen.xib */ = {
			isa = PBXVariantGroup;
			children = (
				9F4B962E1B8BEFC300249949 /* Base */,
			);
			name = LaunchScreen.xib;
			sourceTree = "<group>";
		};
/* End PBXVariantGroup section */

/* Begin XCBuildConfiguration section */
		9F4B963C1B8BEFC300249949 /* Debug */ = {
			isa = XCBuildConfiguration;
			buildSettings = {
				ALWAYS_SEARCH_USER_PATHS = NO;
				CLANG_CXX_LANGUAGE_STANDARD = "gnu++0x";
				CLANG_CXX_LIBRARY = "libc++";
				CLANG_ENABLE_MODULES = YES;
				CLANG_ENABLE_OBJC_ARC = YES;
				CLANG_WARN_BOOL_CONVERSION = YES;
				CLANG_WARN_CONSTANT_CONVERSION = YES;
				CLANG_WARN_DIRECT_OBJC_ISA_USAGE = YES_ERROR;
				CLANG_WARN_EMPTY_BODY = YES;
				CLANG_WARN_ENUM_CONVERSION = YES;
				CLANG_WARN_INT_CONVERSION = YES;
				CLANG_WARN_OBJC_ROOT_CLASS = YES_ERROR;
				CLANG_WARN_UNREACHABLE_CODE = YES;
				CLANG_WARN__DUPLICATE_METHOD_MATCH = YES;
				"CODE_SIGN_IDENTITY[sdk=iphoneos*]" = "iPhone Developer";
				COPY_PHASE_STRIP = NO;
				DEBUG_INFORMATION_FORMAT = "dwarf-with-dsym";
				ENABLE_STRICT_OBJC_MSGSEND = YES;
				GCC_C_LANGUAGE_STANDARD = gnu99;
				GCC_DYNAMIC_NO_PIC = NO;
				GCC_NO_COMMON_BLOCKS = YES;
				GCC_OPTIMIZATION_LEVEL = 0;
				GCC_PREPROCESSOR_DEFINITIONS = (
					"DEBUG=1",
					"$(inherited)",
				);
				GCC_SYMBOLS_PRIVATE_EXTERN = NO;
				GCC_WARN_64_TO_32_BIT_CONVERSION = YES;
				GCC_WARN_ABOUT_RETURN_TYPE = YES_ERROR;
				GCC_WARN_UNDECLARED_SELECTOR = YES;
				GCC_WARN_UNINITIALIZED_AUTOS = YES_AGGRESSIVE;
				GCC_WARN_UNUSED_FUNCTION = YES;
				GCC_WARN_UNUSED_VARIABLE = YES;
				IPHONEOS_DEPLOYMENT_TARGET = 8.4;
				MTL_ENABLE_DEBUG_INFO = YES;
				ONLY_ACTIVE_ARCH = YES;
				SDKROOT = iphoneos;
			};
			name = Debug;
		};
		9F4B963D1B8BEFC300249949 /* Release */ = {
			isa = XCBuildConfiguration;
			buildSettings = {
				ALWAYS_SEARCH_USER_PATHS = NO;
				CLANG_CXX_LANGUAGE_STANDARD = "gnu++0x";
				CLANG_CXX_LIBRARY = "libc++";
				CLANG_ENABLE_MODULES = YES;
				CLANG_ENABLE_OBJC_ARC = YES;
				CLANG_WARN_BOOL_CONVERSION = YES;
				CLANG_WARN_CONSTANT_CONVERSION = YES;
				CLANG_WARN_DIRECT_OBJC_ISA_USAGE = YES_ERROR;
				CLANG_WARN_EMPTY_BODY = YES;
				CLANG_WARN_ENUM_CONVERSION = YES;
				CLANG_WARN_INT_CONVERSION = YES;
				CLANG_WARN_OBJC_ROOT_CLASS = YES_ERROR;
				CLANG_WARN_UNREACHABLE_CODE = YES;
				CLANG_WARN__DUPLICATE_METHOD_MATCH = YES;
				"CODE_SIGN_IDENTITY[sdk=iphoneos*]" = "iPhone Developer";
				COPY_PHASE_STRIP = NO;
				DEBUG_INFORMATION_FORMAT = "dwarf-with-dsym";
				ENABLE_NS_ASSERTIONS = NO;
				ENABLE_STRICT_OBJC_MSGSEND = YES;
				GCC_C_LANGUAGE_STANDARD = gnu99;
				GCC_NO_COMMON_BLOCKS = YES;
				GCC_WARN_64_TO_32_BIT_CONVERSION = YES;
				GCC_WARN_ABOUT_RETURN_TYPE = YES_ERROR;
				GCC_WARN_UNDECLARED_SELECTOR = YES;
				GCC_WARN_UNINITIALIZED_AUTOS = YES_AGGRESSIVE;
				GCC_WARN_UNUSED_FUNCTION = YES;
				GCC_WARN_UNUSED_VARIABLE = YES;
				IPHONEOS_DEPLOYMENT_TARGET = 8.4;
				MTL_ENABLE_DEBUG_INFO = NO;
				SDKROOT = iphoneos;
				VALIDATE_PRODUCT = YES;
			};
			name = Release;
		};
		9F4B963F1B8BEFC300249949 /* Debug */ = {
			isa = XCBuildConfiguration;
			buildSettings = {
				ASSETCATALOG_COMPILER_APPICON_NAME = AppIcon;
				DEVELOPMENT_TEAM = 3PGYTVXG79;
				INFOPLIST_FILE = AcronymFinder/Info.plist;
				LD_RUNPATH_SEARCH_PATHS = "$(inherited) @executable_path/Frameworks";
				PRODUCT_NAME = "$(TARGET_NAME)";
			};
			name = Debug;
		};
		9F4B96401B8BEFC300249949 /* Release */ = {
			isa = XCBuildConfiguration;
			buildSettings = {
				ASSETCATALOG_COMPILER_APPICON_NAME = AppIcon;
				DEVELOPMENT_TEAM = 3PGYTVXG79;
				INFOPLIST_FILE = AcronymFinder/Info.plist;
				LD_RUNPATH_SEARCH_PATHS = "$(inherited) @executable_path/Frameworks";
				PRODUCT_NAME = "$(TARGET_NAME)";
			};
			name = Release;
		};
		9F4B96421B8BEFC300249949 /* Debug */ = {
			isa = XCBuildConfiguration;
			buildSettings = {
				BUNDLE_LOADER = "$(TEST_HOST)";
				FRAMEWORK_SEARCH_PATHS = (
					"$(SDKROOT)/Developer/Library/Frameworks",
					"$(inherited)",
				);
				GCC_PREPROCESSOR_DEFINITIONS = (
					"DEBUG=1",
					"$(inherited)",
				);
				INFOPLIST_FILE = AcronymFinderTests/Info.plist;
				LD_RUNPATH_SEARCH_PATHS = "$(inherited) @executable_path/Frameworks @loader_path/Frameworks";
				PRODUCT_NAME = "$(TARGET_NAME)";
				TEST_HOST = "$(BUILT_PRODUCTS_DIR)/AcronymFinder.app/AcronymFinder";
			};
			name = Debug;
		};
		9F4B96431B8BEFC300249949 /* Release */ = {
			isa = XCBuildConfiguration;
			buildSettings = {
				BUNDLE_LOADER = "$(TEST_HOST)";
				FRAMEWORK_SEARCH_PATHS = (
					"$(SDKROOT)/Developer/Library/Frameworks",
					"$(inherited)",
				);
				INFOPLIST_FILE = AcronymFinderTests/Info.plist;
				LD_RUNPATH_SEARCH_PATHS = "$(inherited) @executable_path/Frameworks @loader_path/Frameworks";
				PRODUCT_NAME = "$(TARGET_NAME)";
				TEST_HOST = "$(BUILT_PRODUCTS_DIR)/AcronymFinder.app/AcronymFinder";
			};
			name = Release;
		};
/* End XCBuildConfiguration section */

/* Begin XCConfigurationList section */
		9F4B96161B8BEFC300249949 /* Build configuration list for PBXProject "AcronymFinder" */ = {
			isa = XCConfigurationList;
			buildConfigurations = (
				9F4B963C1B8BEFC300249949 /* Debug */,
				9F4B963D1B8BEFC300249949 /* Release */,
			);
			defaultConfigurationIsVisible = 0;
			defaultConfigurationName = Release;
		};
		9F4B963E1B8BEFC300249949 /* Build configuration list for PBXNativeTarget "AcronymFinder" */ = {
			isa = XCConfigurationList;
			buildConfigurations = (
				9F4B963F1B8BEFC300249949 /* Debug */,
				9F4B96401B8BEFC300249949 /* Release */,
			);
			defaultConfigurationIsVisible = 0;
			defaultConfigurationName = Release;
		};
		9F4B96411B8BEFC300249949 /* Build configuration list for PBXNativeTarget "AcronymFinderTests" */ = {
			isa = XCConfigurationList;
			buildConfigurations = (
				9F4B96421B8BEFC300249949 /* Debug */,
				9F4B96431B8BEFC300249949 /* Release */,
			);
			defaultConfigurationIsVisible = 0;
			defaultConfigurationName = Release;
		};
/* End XCConfigurationList section */
	};
	rootObject = 9F4B96131B8BEFC300249949 /* Project object */;
}
